NeoBundleLock ctrlp.vim b5d3fe66a58a13d2ff8b6391f4387608496a030f
NeoBundleLock neobundle.vim f5ace1d749382ab5e5a22670d57c61303a927b72
NeoBundleLock nerdtree 3b98a7fcae8f9fff356907171f0406ff8cd28921
NeoBundleLock syntastic ebadf9aff53da37b80becbb1f60f473c3ccfb555
NeoBundleLock tmux-navigator 193075bfbb832132262112742cd40b702f1e0dc5
NeoBundleLock vim-colors-solarized 528a59f26d12278698bb946f8fb82a63711eec21
NeoBundleLock vim-fugitive 0095769029709b531d2505ee6ad9907dd9bd72a0
